
Microsoft Visual Studio Solution File, Format Version 12.00
# Visual Studio Version 17
VisualStudioVersion = 17.1.32407.343
MinimumVisualStudioVersion = 10.0.40219.1
Project("{FAE04EC0-301F-11D3-BF4B-00C04F79EFBC}") = "RpgAdventure", "RpgAdventure\RpgAdventure.csproj", "{8E121FA2-5B6B-4511-BF2F-9FBDB999473E}"
EndProject
Global
	GlobalSection(SolutionConfigurationPlatforms) = preSolution
		Debug|Any CPU = Debug|Any CPU
		Release|Any CPU = Release|Any CPU
	EndGlobalSection
	GlobalSection(ProjectConfigurationPlatforms) = postSolution
		{8E121FA2-5B6B-4511-BF2F-9FBDB999473E}.Debug|Any CPU.ActiveCfg = Debug|Any CPU
		{8E121FA2-5B6B-4511-BF2F-9FBDB999473E}.Debug|Any CPU.Build.0 = Debug|Any CPU
		{8E121FA2-5B6B-4511-BF2F-9FBDB999473E}.Release|Any CPU.ActiveCfg = Release|Any CPU
		{8E121FA2-5B6B-4511-BF2F-9FBDB999473E}.Release|Any CPU.Build.0 = Release|Any CPU
	EndGlobalSection
	GlobalSection(SolutionProperties) = preSolution
		HideSolutionNode = FALSE
	EndGlobalSection
	GlobalSection(ExtensibilityGlobals) = postSolution
		SolutionGuid = {69E31CDC-1E51-453B-B1C7-54B0497CCAE2}
	EndGlobalSection
EndGlobal
